
Microsoft Visual Studio Solution File, Format Version 12.00
# Visual Studio Version 17
VisualStudioVersion = 17.3.32825.248
MinimumVisualStudioVersion = 10.0.40219.1
Project("{FAE04EC0-301F-11D3-BF4B-00C04F79EFBC}") = "RunGroopWebApp", "RunGroopWebApp\RunGroopWebApp.csproj", "{80DC3F5C-CB20-4720-B5DF-1A8A5153145A}"
EndProject
Global
	GlobalSection(SolutionConfigurationPlatforms) = preSolution
		Debug|Any CPU = Debug|Any CPU
		Release|Any CPU = Release|Any CPU
	EndGlobalSection
	GlobalSection(ProjectConfigurationPlatforms) = postSolution
		{80DC3F5C-CB20-4720-B5DF-1A8A5153145A}.Debug|Any CPU.ActiveCfg = Debug|Any CPU
		{80DC3F5C-CB20-4720-B5DF-1A8A5153145A}.Debug|Any CPU.Build.0 = Debug|Any CPU
		{80DC3F5C-CB20-4720-B5DF-1A8A5153145A}.Release|Any CPU.ActiveCfg = Release|Any CPU
		{80DC3F5C-CB20-4720-B5DF-1A8A5153145A}.Release|Any CPU.Build.0 = Release|Any CPU
	EndGlobalSection
	GlobalSection(SolutionProperties) = preSolution
		HideSolutionNode = FALSE
	EndGlobalSection
	GlobalSection(ExtensibilityGlobals) = postSolution
		SolutionGuid = {61C3C5B6-3FB0-47D8-B581-EE2BEF9D35CC}
	EndGlobalSection
EndGlobal
